
Microsoft Visual Studio Solution File, Format Version 12.00
# Visual Studio 14
VisualStudioVersion = 14.0.23107.0
MinimumVisualStudioVersion = 10.0.40219.1
Project("{2150E333-8FDC-42A3-9474-1A3956D46DE8}") = "Library", "Library", "{BAC06E1F-2E61-45CE-8B99-EE52B49FC104}"
EndProject
Project("{2150E333-8FDC-42A3-9474-1A3956D46DE8}") = "TestApp", "TestApp", "{F784EF5A-B30E-4A16-9A1C-9B4AB85F713C}"
EndProject
Project("{2150E333-8FDC-42A3-9474-1A3956D46DE8}") = "MainBoard", "MainBoard", "{A55FA6BA-5234-4604-858D-C312F73613B1}"
EndProject
Project("{2150E333-8FDC-42A3-9474-1A3956D46DE8}") = "ExternalBoard", "ExternalBoard", "{9AD770FB-398C-4AB3-AF80-DA494633EC19}"
EndProject
Project("{2150E333-8FDC-42A3-9474-1A3956D46DE8}") = "Utility", "Utility", "{B5B93D6E-F5B4-4C01-B511-724249A28E64}"
EndProject
Project("{2150E333-8FDC-42A3-9474-1A3956D46DE8}") = "Peach", "Peach", "{67401A47-160C-4439-863F-BB2EE96DF49C}"
EndProject
Project("{2150E333-8FDC-42A3-9474-1A3956D46DE8}") = "Sakura", "Sakura", "{4BE901C3-3F97-4B45-A05C-790C058C0FF4}"
EndProject
Project("{2150E333-8FDC-42A3-9474-1A3956D46DE8}") = "SensorBoard", "SensorBoard", "{67E4CE3A-0F1A-41D3-8EFF-8B7B347FE679}"
EndProject
Project("{2150E333-8FDC-42A3-9474-1A3956D46DE8}") = "Utility", "Utility", "{935858E2-C02C-41D0-B2B7-2614C2193CF7}"
EndProject
Project("{FAE04EC0-301F-11D3-BF4B-00C04F79EFBC}") = "Peach", "Library\MainBoard\Peach\Peach.csproj", "{8775C27A-34B4-4546-88C7-EF219ED5E06A}"
EndProject
Project("{FAE04EC0-301F-11D3-BF4B-00C04F79EFBC}") = "Sakura", "Library\MainBoard\Sakura\Sakura.csproj", "{97364222-5927-43FE-8837-3A7C7AA969F2}"
EndProject
Project("{FAE04EC0-301F-11D3-BF4B-00C04F79EFBC}") = "SensorBoard", "Library\ExternalBoard\SensorBoard\SensorBoard.csproj", "{079BC8A3-AAC4-473F-88E4-AD2D15C99C8D}"
EndProject
Project("{FAE04EC0-301F-11D3-BF4B-00C04F79EFBC}") = "NetworkUtility", "Library\Utility\NetworkUtility\NetworkUtility.csproj", "{41E92E01-39F5-4368-BD2B-D745F0F962C7}"
EndProject
Project("{FAE04EC0-301F-11D3-BF4B-00C04F79EFBC}") = "PeachButtonPressTest", "TestApp\Peach\PeachButtonPressTest\PeachButtonPressTest.csproj", "{03D51483-3281-430F-AB92-567F4C49E87D}"
EndProject
Project("{FAE04EC0-301F-11D3-BF4B-00C04F79EFBC}") = "PeachButtonTest", "TestApp\Peach\PeachButtonTest\PeachButtonTest.csproj", "{8E0FBCAC-65F9-44F2-9A4A-8EC2C61BEC83}"
EndProject
Project("{FAE04EC0-301F-11D3-BF4B-00C04F79EFBC}") = "PeachLedTest", "TestApp\Peach\PeachLedTest\PeachLedTest.csproj", "{6491CA0E-B813-4E58-8656-4F2B5C35AFA3}"
EndProject
Project("{FAE04EC0-301F-11D3-BF4B-00C04F79EFBC}") = "SakuraButtonPressTest", "TestApp\Sakura\SakuraButtonPressTest\SakuraButtonPressTest.csproj", "{7CB9D3D1-DB6B-433A-B3A0-85EC38133E0A}"
EndProject
Project("{FAE04EC0-301F-11D3-BF4B-00C04F79EFBC}") = "SakuraButtonTest", "TestApp\Sakura\SakuraButtonTest\SakuraButtonTest.csproj", "{38DE2281-7C5E-41E3-94BA-A9D3C0F5BCC2}"
EndProject
Project("{FAE04EC0-301F-11D3-BF4B-00C04F79EFBC}") = "SakuraLedTest", "TestApp\Sakura\SakuraLedTest\SakuraLedTest.csproj", "{462797CF-AA3E-417D-AA3D-24880DC49509}"
EndProject
Project("{FAE04EC0-301F-11D3-BF4B-00C04F79EFBC}") = "AccelerometerTest", "TestApp\SensorBoard\AccelerometerTest\AccelerometerTest.csproj", "{9591B192-3767-4DF8-982E-1B1E69BE0177}"
EndProject
Project("{FAE04EC0-301F-11D3-BF4B-00C04F79EFBC}") = "TemperatureIntervalTest", "TestApp\SensorBoard\TemperatureIntervalTest\TemperatureIntervalTest.csproj", "{85CDEAE0-04DF-4A4D-B887-C40C25606381}"
EndProject
Project("{FAE04EC0-301F-11D3-BF4B-00C04F79EFBC}") = "TemperatureTest", "TestApp\SensorBoard\TemperatureTest\TemperatureTest.csproj", "{0E951E86-4C66-40C6-8DED-A8205F8B990D}"
EndProject
Project("{FAE04EC0-301F-11D3-BF4B-00C04F79EFBC}") = "NetworkUtilityTest", "TestApp\Utility\NetworkUtilityTest\NetworkUtilityTest.csproj", "{D6059856-5CEE-4324-AC19-5480D067DB06}"
EndProject
Project("{2150E333-8FDC-42A3-9474-1A3956D46DE8}") = "Module", "Module", "{B684D4BD-3205-47D3-BEFA-9924466B89A4}"
EndProject
Project("{FAE04EC0-301F-11D3-BF4B-00C04F79EFBC}") = "LiquidCrystal", "Library\Module\LiquidCrystal\LiquidCrystal.csproj", "{A93F7331-9B38-4CDE-A03C-1F9A1A3EFBE9}"
EndProject
Project("{2150E333-8FDC-42A3-9474-1A3956D46DE8}") = "Module", "Module", "{4202B5AE-5E63-4A90-8550-09F327823CFB}"
EndProject
Project("{FAE04EC0-301F-11D3-BF4B-00C04F79EFBC}") = "LiquidCrystalTest", "TestApp\Module\LiquidCrystalTest\LiquidCrystalTest.csproj", "{0FCD95A8-7125-4E94-90A1-AB30E1EB6FAC}"
EndProject
Project("{FAE04EC0-301F-11D3-BF4B-00C04F79EFBC}") = "MainboardCore", "Library\MainBoard\MainboardCore\MainboardCore.csproj", "{84C44AB4-0B2D-4437-83F3-BA72084B698A}"
EndProject
Global
	GlobalSection(SolutionConfigurationPlatforms) = preSolution
		Debug|Any CPU = Debug|Any CPU
		Release|Any CPU = Release|Any CPU
	EndGlobalSection
	GlobalSection(ProjectConfigurationPlatforms) = postSolution
		{8775C27A-34B4-4546-88C7-EF219ED5E06A}.Debug|Any CPU.ActiveCfg = Debug|Any CPU
		{8775C27A-34B4-4546-88C7-EF219ED5E06A}.Debug|Any CPU.Build.0 = Debug|Any CPU
		{8775C27A-34B4-4546-88C7-EF219ED5E06A}.Release|Any CPU.ActiveCfg = Release|Any CPU
		{8775C27A-34B4-4546-88C7-EF219ED5E06A}.Release|Any CPU.Build.0 = Release|Any CPU
		{97364222-5927-43FE-8837-3A7C7AA969F2}.Debug|Any CPU.ActiveCfg = Debug|Any CPU
		{97364222-5927-43FE-8837-3A7C7AA969F2}.Debug|Any CPU.Build.0 = Debug|Any CPU
		{97364222-5927-43FE-8837-3A7C7AA969F2}.Release|Any CPU.ActiveCfg = Release|Any CPU
		{97364222-5927-43FE-8837-3A7C7AA969F2}.Release|Any CPU.Build.0 = Release|Any CPU
		{079BC8A3-AAC4-473F-88E4-AD2D15C99C8D}.Debug|Any CPU.ActiveCfg = Debug|Any CPU
		{079BC8A3-AAC4-473F-88E4-AD2D15C99C8D}.Debug|Any CPU.Build.0 = Debug|Any CPU
		{079BC8A3-AAC4-473F-88E4-AD2D15C99C8D}.Release|Any CPU.ActiveCfg = Release|Any CPU
		{079BC8A3-AAC4-473F-88E4-AD2D15C99C8D}.Release|Any CPU.Build.0 = Release|Any CPU
		{41E92E01-39F5-4368-BD2B-D745F0F962C7}.Debug|Any CPU.ActiveCfg = Debug|Any CPU
		{41E92E01-39F5-4368-BD2B-D745F0F962C7}.Debug|Any CPU.Build.0 = Debug|Any CPU
		{41E92E01-39F5-4368-BD2B-D745F0F962C7}.Release|Any CPU.ActiveCfg = Release|Any CPU
		{41E92E01-39F5-4368-BD2B-D745F0F962C7}.Release|Any CPU.Build.0 = Release|Any CPU
		{03D51483-3281-430F-AB92-567F4C49E87D}.Debug|Any CPU.ActiveCfg = Debug|Any CPU
		{03D51483-3281-430F-AB92-567F4C49E87D}.Debug|Any CPU.Build.0 = Debug|Any CPU
		{03D51483-3281-430F-AB92-567F4C49E87D}.Debug|Any CPU.Deploy.0 = Debug|Any CPU
		{03D51483-3281-430F-AB92-567F4C49E87D}.Release|Any CPU.ActiveCfg = Release|Any CPU
		{03D51483-3281-430F-AB92-567F4C49E87D}.Release|Any CPU.Build.0 = Release|Any CPU
		{03D51483-3281-430F-AB92-567F4C49E87D}.Release|Any CPU.Deploy.0 = Release|Any CPU
		{8E0FBCAC-65F9-44F2-9A4A-8EC2C61BEC83}.Debug|Any CPU.ActiveCfg = Debug|Any CPU
		{8E0FBCAC-65F9-44F2-9A4A-8EC2C61BEC83}.Debug|Any CPU.Build.0 = Debug|Any CPU
		{8E0FBCAC-65F9-44F2-9A4A-8EC2C61BEC83}.Debug|Any CPU.Deploy.0 = Debug|Any CPU
		{8E0FBCAC-65F9-44F2-9A4A-8EC2C61BEC83}.Release|Any CPU.ActiveCfg = Release|Any CPU
		{8E0FBCAC-65F9-44F2-9A4A-8EC2C61BEC83}.Release|Any CPU.Build.0 = Release|Any CPU
		{8E0FBCAC-65F9-44F2-9A4A-8EC2C61BEC83}.Release|Any CPU.Deploy.0 = Release|Any CPU
		{6491CA0E-B813-4E58-8656-4F2B5C35AFA3}.Debug|Any CPU.ActiveCfg = Debug|Any CPU
		{6491CA0E-B813-4E58-8656-4F2B5C35AFA3}.Debug|Any CPU.Build.0 = Debug|Any CPU
		{6491CA0E-B813-4E58-8656-4F2B5C35AFA3}.Debug|Any CPU.Deploy.0 = Debug|Any CPU
		{6491CA0E-B813-4E58-8656-4F2B5C35AFA3}.Release|Any CPU.ActiveCfg = Release|Any CPU
		{6491CA0E-B813-4E58-8656-4F2B5C35AFA3}.Release|Any CPU.Build.0 = Release|Any CPU
		{6491CA0E-B813-4E58-8656-4F2B5C35AFA3}.Release|Any CPU.Deploy.0 = Release|Any CPU
		{7CB9D3D1-DB6B-433A-B3A0-85EC38133E0A}.Debug|Any CPU.ActiveCfg = Debug|Any CPU
		{7CB9D3D1-DB6B-433A-B3A0-85EC38133E0A}.Debug|Any CPU.Build.0 = Debug|Any CPU
		{7CB9D3D1-DB6B-433A-B3A0-85EC38133E0A}.Debug|Any CPU.Deploy.0 = Debug|Any CPU
		{7CB9D3D1-DB6B-433A-B3A0-85EC38133E0A}.Release|Any CPU.ActiveCfg = Release|Any CPU
		{7CB9D3D1-DB6B-433A-B3A0-85EC38133E0A}.Release|Any CPU.Build.0 = Release|Any CPU
		{7CB9D3D1-DB6B-433A-B3A0-85EC38133E0A}.Release|Any CPU.Deploy.0 = Release|Any CPU
		{38DE2281-7C5E-41E3-94BA-A9D3C0F5BCC2}.Debug|Any CPU.ActiveCfg = Debug|Any CPU
		{38DE2281-7C5E-41E3-94BA-A9D3C0F5BCC2}.Debug|Any CPU.Build.0 = Debug|Any CPU
		{38DE2281-7C5E-41E3-94BA-A9D3C0F5BCC2}.Debug|Any CPU.Deploy.0 = Debug|Any CPU
		{38DE2281-7C5E-41E3-94BA-A9D3C0F5BCC2}.Release|Any CPU.ActiveCfg = Release|Any CPU
		{38DE2281-7C5E-41E3-94BA-A9D3C0F5BCC2}.Release|Any CPU.Build.0 = Release|Any CPU
		{38DE2281-7C5E-41E3-94BA-A9D3C0F5BCC2}.Release|Any CPU.Deploy.0 = Release|Any CPU
		{462797CF-AA3E-417D-AA3D-24880DC49509}.Debug|Any CPU.ActiveCfg = Debug|Any CPU
		{462797CF-AA3E-417D-AA3D-24880DC49509}.Debug|Any CPU.Build.0 = Debug|Any CPU
		{462797CF-AA3E-417D-AA3D-24880DC49509}.Debug|Any CPU.Deploy.0 = Debug|Any CPU
		{462797CF-AA3E-417D-AA3D-24880DC49509}.Release|Any CPU.ActiveCfg = Release|Any CPU
		{462797CF-AA3E-417D-AA3D-24880DC49509}.Release|Any CPU.Build.0 = Release|Any CPU
		{462797CF-AA3E-417D-AA3D-24880DC49509}.Release|Any CPU.Deploy.0 = Release|Any CPU
		{9591B192-3767-4DF8-982E-1B1E69BE0177}.Debug|Any CPU.ActiveCfg = Debug|Any CPU
		{9591B192-3767-4DF8-982E-1B1E69BE0177}.Debug|Any CPU.Build.0 = Debug|Any CPU
		{9591B192-3767-4DF8-982E-1B1E69BE0177}.Debug|Any CPU.Deploy.0 = Debug|Any CPU
		{9591B192-3767-4DF8-982E-1B1E69BE0177}.Release|Any CPU.ActiveCfg = Release|Any CPU
		{9591B192-3767-4DF8-982E-1B1E69BE0177}.Release|Any CPU.Build.0 = Release|Any CPU
		{9591B192-3767-4DF8-982E-1B1E69BE0177}.Release|Any CPU.Deploy.0 = Release|Any CPU
		{85CDEAE0-04DF-4A4D-B887-C40C25606381}.Debug|Any CPU.ActiveCfg = Debug|Any CPU
		{85CDEAE0-04DF-4A4D-B887-C40C25606381}.Debug|Any CPU.Build.0 = Debug|Any CPU
		{85CDEAE0-04DF-4A4D-B887-C40C25606381}.Debug|Any CPU.Deploy.0 = Debug|Any CPU
		{85CDEAE0-04DF-4A4D-B887-C40C25606381}.Release|Any CPU.ActiveCfg = Release|Any CPU
		{85CDEAE0-04DF-4A4D-B887-C40C25606381}.Release|Any CPU.Build.0 = Release|Any CPU
		{85CDEAE0-04DF-4A4D-B887-C40C25606381}.Release|Any CPU.Deploy.0 = Release|Any CPU
		{0E951E86-4C66-40C6-8DED-A8205F8B990D}.Debug|Any CPU.ActiveCfg = Debug|Any CPU
		{0E951E86-4C66-40C6-8DED-A8205F8B990D}.Debug|Any CPU.Build.0 = Debug|Any CPU
		{0E951E86-4C66-40C6-8DED-A8205F8B990D}.Debug|Any CPU.Deploy.0 = Debug|Any CPU
		{0E951E86-4C66-40C6-8DED-A8205F8B990D}.Release|Any CPU.ActiveCfg = Release|Any CPU
		{0E951E86-4C66-40C6-8DED-A8205F8B990D}.Release|Any CPU.Build.0 = Release|Any CPU
		{0E951E86-4C66-40C6-8DED-A8205F8B990D}.Release|Any CPU.Deploy.0 = Release|Any CPU
		{D6059856-5CEE-4324-AC19-5480D067DB06}.Debug|Any CPU.ActiveCfg = Debug|Any CPU
		{D6059856-5CEE-4324-AC19-5480D067DB06}.Debug|Any CPU.Build.0 = Debug|Any CPU
		{D6059856-5CEE-4324-AC19-5480D067DB06}.Debug|Any CPU.Deploy.0 = Debug|Any CPU
		{D6059856-5CEE-4324-AC19-5480D067DB06}.Release|Any CPU.ActiveCfg = Release|Any CPU
		{D6059856-5CEE-4324-AC19-5480D067DB06}.Release|Any CPU.Build.0 = Release|Any CPU
		{D6059856-5CEE-4324-AC19-5480D067DB06}.Release|Any CPU.Deploy.0 = Release|Any CPU
		{A93F7331-9B38-4CDE-A03C-1F9A1A3EFBE9}.Debug|Any CPU.ActiveCfg = Debug|Any CPU
		{A93F7331-9B38-4CDE-A03C-1F9A1A3EFBE9}.Debug|Any CPU.Build.0 = Debug|Any CPU
		{A93F7331-9B38-4CDE-A03C-1F9A1A3EFBE9}.Release|Any CPU.ActiveCfg = Release|Any CPU
		{A93F7331-9B38-4CDE-A03C-1F9A1A3EFBE9}.Release|Any CPU.Build.0 = Release|Any CPU
		{0FCD95A8-7125-4E94-90A1-AB30E1EB6FAC}.Debug|Any CPU.ActiveCfg = Debug|Any CPU
		{0FCD95A8-7125-4E94-90A1-AB30E1EB6FAC}.Debug|Any CPU.Build.0 = Debug|Any CPU
		{0FCD95A8-7125-4E94-90A1-AB30E1EB6FAC}.Debug|Any CPU.Deploy.0 = Debug|Any CPU
		{0FCD95A8-7125-4E94-90A1-AB30E1EB6FAC}.Release|Any CPU.ActiveCfg = Release|Any CPU
		{0FCD95A8-7125-4E94-90A1-AB30E1EB6FAC}.Release|Any CPU.Build.0 = Release|Any CPU
		{0FCD95A8-7125-4E94-90A1-AB30E1EB6FAC}.Release|Any CPU.Deploy.0 = Release|Any CPU
		{84C44AB4-0B2D-4437-83F3-BA72084B698A}.Debug|Any CPU.ActiveCfg = Debug|Any CPU
		{84C44AB4-0B2D-4437-83F3-BA72084B698A}.Debug|Any CPU.Build.0 = Debug|Any CPU
		{84C44AB4-0B2D-4437-83F3-BA72084B698A}.Release|Any CPU.ActiveCfg = Release|Any CPU
		{84C44AB4-0B2D-4437-83F3-BA72084B698A}.Release|Any CPU.Build.0 = Release|Any CPU
	EndGlobalSection
	GlobalSection(SolutionProperties) = preSolution
		HideSolutionNode = FALSE
	EndGlobalSection
	GlobalSection(NestedProjects) = preSolution
		{A55FA6BA-5234-4604-858D-C312F73613B1} = {BAC06E1F-2E61-45CE-8B99-EE52B49FC104}
		{9AD770FB-398C-4AB3-AF80-DA494633EC19} = {BAC06E1F-2E61-45CE-8B99-EE52B49FC104}
		{B5B93D6E-F5B4-4C01-B511-724249A28E64} = {BAC06E1F-2E61-45CE-8B99-EE52B49FC104}
		{67401A47-160C-4439-863F-BB2EE96DF49C} = {F784EF5A-B30E-4A16-9A1C-9B4AB85F713C}
		{4BE901C3-3F97-4B45-A05C-790C058C0FF4} = {F784EF5A-B30E-4A16-9A1C-9B4AB85F713C}
		{67E4CE3A-0F1A-41D3-8EFF-8B7B347FE679} = {F784EF5A-B30E-4A16-9A1C-9B4AB85F713C}
		{935858E2-C02C-41D0-B2B7-2614C2193CF7} = {F784EF5A-B30E-4A16-9A1C-9B4AB85F713C}
		{8775C27A-34B4-4546-88C7-EF219ED5E06A} = {A55FA6BA-5234-4604-858D-C312F73613B1}
		{97364222-5927-43FE-8837-3A7C7AA969F2} = {A55FA6BA-5234-4604-858D-C312F73613B1}
		{079BC8A3-AAC4-473F-88E4-AD2D15C99C8D} = {9AD770FB-398C-4AB3-AF80-DA494633EC19}
		{41E92E01-39F5-4368-BD2B-D745F0F962C7} = {B5B93D6E-F5B4-4C01-B511-724249A28E64}
		{03D51483-3281-430F-AB92-567F4C49E87D} = {67401A47-160C-4439-863F-BB2EE96DF49C}
		{8E0FBCAC-65F9-44F2-9A4A-8EC2C61BEC83} = {67401A47-160C-4439-863F-BB2EE96DF49C}
		{6491CA0E-B813-4E58-8656-4F2B5C35AFA3} = {67401A47-160C-4439-863F-BB2EE96DF49C}
		{7CB9D3D1-DB6B-433A-B3A0-85EC38133E0A} = {4BE901C3-3F97-4B45-A05C-790C058C0FF4}
		{38DE2281-7C5E-41E3-94BA-A9D3C0F5BCC2} = {4BE901C3-3F97-4B45-A05C-790C058C0FF4}
		{462797CF-AA3E-417D-AA3D-24880DC49509} = {4BE901C3-3F97-4B45-A05C-790C058C0FF4}
		{9591B192-3767-4DF8-982E-1B1E69BE0177} = {67E4CE3A-0F1A-41D3-8EFF-8B7B347FE679}
		{85CDEAE0-04DF-4A4D-B887-C40C25606381} = {67E4CE3A-0F1A-41D3-8EFF-8B7B347FE679}
		{0E951E86-4C66-40C6-8DED-A8205F8B990D} = {67E4CE3A-0F1A-41D3-8EFF-8B7B347FE679}
		{D6059856-5CEE-4324-AC19-5480D067DB06} = {935858E2-C02C-41D0-B2B7-2614C2193CF7}
		{B684D4BD-3205-47D3-BEFA-9924466B89A4} = {BAC06E1F-2E61-45CE-8B99-EE52B49FC104}
		{A93F7331-9B38-4CDE-A03C-1F9A1A3EFBE9} = {B684D4BD-3205-47D3-BEFA-9924466B89A4}
		{4202B5AE-5E63-4A90-8550-09F327823CFB} = {F784EF5A-B30E-4A16-9A1C-9B4AB85F713C}
		{0FCD95A8-7125-4E94-90A1-AB30E1EB6FAC} = {4202B5AE-5E63-4A90-8550-09F327823CFB}
		{84C44AB4-0B2D-4437-83F3-BA72084B698A} = {A55FA6BA-5234-4604-858D-C312F73613B1}
	EndGlobalSection
EndGlobal
